
Microsoft Visual Studio Solution File, Format Version 12.00
# Visual Studio Version 16
VisualStudioVersion = 16.0.31313.79
MinimumVisualStudioVersion = 10.0.40219.1
Project("{FAE04EC0-301F-11D3-BF4B-00C04F79EFBC}") = "Pethon", "Pethon.csproj", "{FC83B162-2D34-4A31-A9EE-87C3A34D66F5}"
EndProject
Global
	GlobalSection(SolutionConfigurationPlatforms) = preSolution
		Debug|Any CPU = Debug|Any CPU
		Release|Any CPU = Release|Any CPU
	EndGlobalSection
	GlobalSection(ProjectConfigurationPlatforms) = postSolution
		{FC83B162-2D34-4A31-A9EE-87C3A34D66F5}.Debug|Any CPU.ActiveCfg = Debug|Any CPU
		{FC83B162-2D34-4A31-A9EE-87C3A34D66F5}.Debug|Any CPU.Build.0 = Debug|Any CPU
		{FC83B162-2D34-4A31-A9EE-87C3A34D66F5}.Release|Any CPU.ActiveCfg = Release|Any CPU
		{FC83B162-2D34-4A31-A9EE-87C3A34D66F5}.Release|Any CPU.Build.0 = Release|Any CPU
	EndGlobalSection
	GlobalSection(SolutionProperties) = preSolution
		HideSolutionNode = FALSE
	EndGlobalSection
	GlobalSection(ExtensibilityGlobals) = postSolution
		SolutionGuid = {BDF7BD77-DEA0-482F-90BB-66476EDC19D6}
	EndGlobalSection
EndGlobal
